
Microsoft Visual Studio Solution File, Format Version 12.00
# Visual Studio Version 17
VisualStudioVersion = 17.14.36616.10 d17.14
MinimumVisualStudioVersion = 10.0.40219.1
Project("{FAE04EC0-301F-11D3-BF4B-00C04F79EFBC}") = "Binary Clock", "Binary Clock\Binary Clock.csproj", "{2A681D43-FC05-4C3D-8172-C7FF3AE66458}"
EndProject
Global
	GlobalSection(SolutionConfigurationPlatforms) = preSolution
		Debug|Any CPU = Debug|Any CPU
		Release|Any CPU = Release|Any CPU
	EndGlobalSection
	GlobalSection(ProjectConfigurationPlatforms) = postSolution
		{2A681D43-FC05-4C3D-8172-C7FF3AE66458}.Debug|Any CPU.ActiveCfg = Debug|Any CPU
		{2A681D43-FC05-4C3D-8172-C7FF3AE66458}.Debug|Any CPU.Build.0 = Debug|Any CPU
		{2A681D43-FC05-4C3D-8172-C7FF3AE66458}.Release|Any CPU.ActiveCfg = Release|Any CPU
		{2A681D43-FC05-4C3D-8172-C7FF3AE66458}.Release|Any CPU.Build.0 = Release|Any CPU
	EndGlobalSection
	GlobalSection(SolutionProperties) = preSolution
		HideSolutionNode = FALSE
	EndGlobalSection
	GlobalSection(ExtensibilityGlobals) = postSolution
		SolutionGuid = {6A4CF887-46CF-4808-AB1F-D2F18FE430A6}
	EndGlobalSection
EndGlobal
